
Microsoft Visual Studio Solution File, Format Version 12.00
# Visual Studio Version 17
VisualStudioVersion = 17.0.31903.59
MinimumVisualStudioVersion = 10.0.40219.1
Project("{FAE04EC0-301F-11D3-BF4B-00C04F79EFBC}") = "Blazor.HeadlessUI.Dropdown", "Blazor.HeadlessUI.Dropdown\Blazor.HeadlessUI.Dropdown.csproj", "{26C23067-6635-4433-A4D4-E90254717516}"
EndProject
Project("{FAE04EC0-301F-11D3-BF4B-00C04F79EFBC}") = "Blazor.HeadlessUI.Dropdown.Web9", "..\examples\Blazor.HeadlessUI.Dropdown.Web9\Blazor.HeadlessUI.Dropdown.Web9.csproj", "{576A3FC1-08F3-4F63-A811-019F7F1ACC76}"
EndProject
Global
	GlobalSection(SolutionConfigurationPlatforms) = preSolution
		Debug|Any CPU = Debug|Any CPU
		Release|Any CPU = Release|Any CPU
	EndGlobalSection
	GlobalSection(SolutionProperties) = preSolution
		HideSolutionNode = FALSE
	EndGlobalSection
	GlobalSection(ProjectConfigurationPlatforms) = postSolution
		{26C23067-6635-4433-A4D4-E90254717516}.Debug|Any CPU.ActiveCfg = Debug|Any CPU
		{26C23067-6635-4433-A4D4-E90254717516}.Debug|Any CPU.Build.0 = Debug|Any CPU
		{26C23067-6635-4433-A4D4-E90254717516}.Release|Any CPU.ActiveCfg = Release|Any CPU
		{26C23067-6635-4433-A4D4-E90254717516}.Release|Any CPU.Build.0 = Release|Any CPU
		{576A3FC1-08F3-4F63-A811-019F7F1ACC76}.Debug|Any CPU.ActiveCfg = Debug|Any CPU
		{576A3FC1-08F3-4F63-A811-019F7F1ACC76}.Debug|Any CPU.Build.0 = Debug|Any CPU
		{576A3FC1-08F3-4F63-A811-019F7F1ACC76}.Release|Any CPU.ActiveCfg = Release|Any CPU
		{576A3FC1-08F3-4F63-A811-019F7F1ACC76}.Release|Any CPU.Build.0 = Release|Any CPU
	EndGlobalSection
EndGlobal
